
Microsoft Visual Studio Solution File, Format Version 12.00
# Visual Studio Version 16
VisualStudioVersion = 16.0.31321.278
MinimumVisualStudioVersion = 10.0.40219.1
Project("{9A19103F-16F7-4668-BE54-9A1E7A4F7556}") = "CursoMVC", "CursoMVC\CursoMVC.csproj", "{A87A7E01-8E96-4236-B19A-DE8045E1458F}"
EndProject
Project("{9A19103F-16F7-4668-BE54-9A1E7A4F7556}") = "CursoAPI", "CursoAPI\CursoAPI.csproj", "{FE5489AE-B73C-4333-B228-CD9380E3EA64}"
EndProject
Project("{FAE04EC0-301F-11D3-BF4B-00C04F79EFBC}") = "CursoTeste", "CursoTeste\CursoTeste.csproj", "{866E263C-44D7-4598-A3B2-51E89394DA6C}"
EndProject
Global
	GlobalSection(SolutionConfigurationPlatforms) = preSolution
		Debug|Any CPU = Debug|Any CPU
		Release|Any CPU = Release|Any CPU
	EndGlobalSection
	GlobalSection(ProjectConfigurationPlatforms) = postSolution
		{A87A7E01-8E96-4236-B19A-DE8045E1458F}.Debug|Any CPU.ActiveCfg = Debug|Any CPU
		{A87A7E01-8E96-4236-B19A-DE8045E1458F}.Debug|Any CPU.Build.0 = Debug|Any CPU
		{A87A7E01-8E96-4236-B19A-DE8045E1458F}.Release|Any CPU.ActiveCfg = Release|Any CPU
		{A87A7E01-8E96-4236-B19A-DE8045E1458F}.Release|Any CPU.Build.0 = Release|Any CPU
		{FE5489AE-B73C-4333-B228-CD9380E3EA64}.Debug|Any CPU.ActiveCfg = Debug|Any CPU
		{FE5489AE-B73C-4333-B228-CD9380E3EA64}.Debug|Any CPU.Build.0 = Debug|Any CPU
		{FE5489AE-B73C-4333-B228-CD9380E3EA64}.Release|Any CPU.ActiveCfg = Release|Any CPU
		{FE5489AE-B73C-4333-B228-CD9380E3EA64}.Release|Any CPU.Build.0 = Release|Any CPU
		{866E263C-44D7-4598-A3B2-51E89394DA6C}.Debug|Any CPU.ActiveCfg = Debug|Any CPU
		{866E263C-44D7-4598-A3B2-51E89394DA6C}.Debug|Any CPU.Build.0 = Debug|Any CPU
		{866E263C-44D7-4598-A3B2-51E89394DA6C}.Release|Any CPU.ActiveCfg = Release|Any CPU
		{866E263C-44D7-4598-A3B2-51E89394DA6C}.Release|Any CPU.Build.0 = Release|Any CPU
	EndGlobalSection
	GlobalSection(SolutionProperties) = preSolution
		HideSolutionNode = FALSE
	EndGlobalSection
	GlobalSection(ExtensibilityGlobals) = postSolution
		SolutionGuid = {354A857B-458C-4EFC-852E-D40DDCCD4B60}
	EndGlobalSection
EndGlobal
